
Microsoft Visual Studio Solution File, Format Version 12.00
# Visual Studio Version 17
VisualStudioVersion = 17.2.32630.192
MinimumVisualStudioVersion = 10.0.40219.1
Project("{9A19103F-16F7-4668-BE54-9A1E7A4F7556}") = "R5T.Z0044.Construction", "R5T.Z0044.Construction\R5T.Z0044.Construction.csproj", "{98557464-BA60-4CFA-A290-C0D7820A35F7}"
EndProject
Project("{9A19103F-16F7-4668-BE54-9A1E7A4F7556}") = "R5T.Z0044", "R5T.Z0044\R5T.Z0044.csproj", "{7A35518F-B1EF-4DDD-8694-A336454B4879}"
EndProject
Project("{2150E333-8FDC-42A3-9474-1A3956D46DE8}") = "_Dependencies", "_Dependencies", "{0A1A5AC8-4816-498B-9180-A78723F93F52}"
EndProject
Project("{9A19103F-16F7-4668-BE54-9A1E7A4F7556}") = "R5T.T0132", "..\..\R5T.T0132\source\R5T.T0132\R5T.T0132.csproj", "{10E33408-A070-47FA-AAD5-E4270B03CB3A}"
EndProject
Project("{9A19103F-16F7-4668-BE54-9A1E7A4F7556}") = "R5T.T0143", "..\..\R5T.T0143\source\R5T.T0143\R5T.T0143.csproj", "{FE5ED94E-4B86-434D-BD7E-6EC4C8C6745D}"
EndProject
Project("{9A19103F-16F7-4668-BE54-9A1E7A4F7556}") = "R5T.T0178", "..\..\R5T.T0178\source\R5T.T0178\R5T.T0178.csproj", "{245C57C7-CBDE-45A9-ACEA-35000C713DF4}"
EndProject
Project("{9A19103F-16F7-4668-BE54-9A1E7A4F7556}") = "R5T.T0179", "..\..\R5T.T0179\source\R5T.T0179\R5T.T0179.csproj", "{F8B03F9C-9235-4B2D-82F2-4D4DAC139E0A}"
EndProject
Project("{9A19103F-16F7-4668-BE54-9A1E7A4F7556}") = "R5T.T0180", "..\..\R5T.T0180\source\R5T.T0180\R5T.T0180.csproj", "{BF14DF9C-269A-424A-8CE1-F7E87A6CBF20}"
EndProject
Global
	GlobalSection(NestedProjects) = preSolution
		{10E33408-A070-47FA-AAD5-E4270B03CB3A} = {0A1A5AC8-4816-498B-9180-A78723F93F52}
		{FE5ED94E-4B86-434D-BD7E-6EC4C8C6745D} = {0A1A5AC8-4816-498B-9180-A78723F93F52}
		{245C57C7-CBDE-45A9-ACEA-35000C713DF4} = {0A1A5AC8-4816-498B-9180-A78723F93F52}
		{F8B03F9C-9235-4B2D-82F2-4D4DAC139E0A} = {0A1A5AC8-4816-498B-9180-A78723F93F52}
		{BF14DF9C-269A-424A-8CE1-F7E87A6CBF20} = {0A1A5AC8-4816-498B-9180-A78723F93F52}
	EndGlobalSection
	GlobalSection(SolutionConfigurationPlatforms) = preSolution
		Debug|Any CPU = Debug|Any CPU
		Release|Any CPU = Release|Any CPU
	EndGlobalSection
	GlobalSection(ProjectConfigurationPlatforms) = postSolution
		{98557464-BA60-4CFA-A290-C0D7820A35F7}.Debug|Any CPU.ActiveCfg = Debug|Any CPU
		{98557464-BA60-4CFA-A290-C0D7820A35F7}.Debug|Any CPU.Build.0 = Debug|Any CPU
		{98557464-BA60-4CFA-A290-C0D7820A35F7}.Release|Any CPU.ActiveCfg = Release|Any CPU
		{98557464-BA60-4CFA-A290-C0D7820A35F7}.Release|Any CPU.Build.0 = Release|Any CPU
		{7A35518F-B1EF-4DDD-8694-A336454B4879}.Debug|Any CPU.ActiveCfg = Debug|Any CPU
		{7A35518F-B1EF-4DDD-8694-A336454B4879}.Debug|Any CPU.Build.0 = Debug|Any CPU
		{7A35518F-B1EF-4DDD-8694-A336454B4879}.Release|Any CPU.ActiveCfg = Release|Any CPU
		{7A35518F-B1EF-4DDD-8694-A336454B4879}.Release|Any CPU.Build.0 = Release|Any CPU
		{10E33408-A070-47FA-AAD5-E4270B03CB3A}.Debug|Any CPU.ActiveCfg = Debug|Any CPU
		{10E33408-A070-47FA-AAD5-E4270B03CB3A}.Debug|Any CPU.Build.0 = Debug|Any CPU
		{10E33408-A070-47FA-AAD5-E4270B03CB3A}.Release|Any CPU.ActiveCfg = Release|Any CPU
		{10E33408-A070-47FA-AAD5-E4270B03CB3A}.Release|Any CPU.Build.0 = Release|Any CPU
		{FE5ED94E-4B86-434D-BD7E-6EC4C8C6745D}.Debug|Any CPU.ActiveCfg = Debug|Any CPU
		{FE5ED94E-4B86-434D-BD7E-6EC4C8C6745D}.Debug|Any CPU.Build.0 = Debug|Any CPU
		{FE5ED94E-4B86-434D-BD7E-6EC4C8C6745D}.Release|Any CPU.ActiveCfg = Release|Any CPU
		{FE5ED94E-4B86-434D-BD7E-6EC4C8C6745D}.Release|Any CPU.Build.0 = Release|Any CPU
		{245C57C7-CBDE-45A9-ACEA-35000C713DF4}.Debug|Any CPU.ActiveCfg = Debug|Any CPU
		{245C57C7-CBDE-45A9-ACEA-35000C713DF4}.Debug|Any CPU.Build.0 = Debug|Any CPU
		{245C57C7-CBDE-45A9-ACEA-35000C713DF4}.Release|Any CPU.ActiveCfg = Release|Any CPU
		{245C57C7-CBDE-45A9-ACEA-35000C713DF4}.Release|Any CPU.Build.0 = Release|Any CPU
		{F8B03F9C-9235-4B2D-82F2-4D4DAC139E0A}.Debug|Any CPU.ActiveCfg = Debug|Any CPU
		{F8B03F9C-9235-4B2D-82F2-4D4DAC139E0A}.Debug|Any CPU.Build.0 = Debug|Any CPU
		{F8B03F9C-9235-4B2D-82F2-4D4DAC139E0A}.Release|Any CPU.ActiveCfg = Release|Any CPU
		{F8B03F9C-9235-4B2D-82F2-4D4DAC139E0A}.Release|Any CPU.Build.0 = Release|Any CPU
		{BF14DF9C-269A-424A-8CE1-F7E87A6CBF20}.Debug|Any CPU.ActiveCfg = Debug|Any CPU
		{BF14DF9C-269A-424A-8CE1-F7E87A6CBF20}.Debug|Any CPU.Build.0 = Debug|Any CPU
		{BF14DF9C-269A-424A-8CE1-F7E87A6CBF20}.Release|Any CPU.ActiveCfg = Release|Any CPU
		{BF14DF9C-269A-424A-8CE1-F7E87A6CBF20}.Release|Any CPU.Build.0 = Release|Any CPU
	EndGlobalSection
	GlobalSection(SolutionProperties) = preSolution
		HideSolutionNode = FALSE
	EndGlobalSection
	GlobalSection(ExtensibilityGlobals) = postSolution
		SolutionGuid = {39B0DD8C-CDCB-42C9-AE5A-0040EA3EAA18}
	EndGlobalSection
EndGlobal
