
Microsoft Visual Studio Solution File, Format Version 12.00
# Visual Studio Version 17
VisualStudioVersion = 17.2.32630.192
MinimumVisualStudioVersion = 10.0.40219.1
Project("{9A19103F-16F7-4668-BE54-9A1E7A4F7556}") = "R5T.Z0044", "R5T.Z0044\R5T.Z0044.csproj", "{4B5E5E5D-2037-455B-B5EA-02268AFC4FA2}"
EndProject
Project("{2150E333-8FDC-42A3-9474-1A3956D46DE8}") = "_Dependencies", "_Dependencies", "{2B818D88-99CB-4D11-B4BF-3F9A10ADA713}"
EndProject
Project("{9A19103F-16F7-4668-BE54-9A1E7A4F7556}") = "R5T.T0132", "..\..\R5T.T0132\source\R5T.T0132\R5T.T0132.csproj", "{B62EC6FF-179A-4086-B267-DD2013386EA2}"
EndProject
Project("{9A19103F-16F7-4668-BE54-9A1E7A4F7556}") = "R5T.T0143", "..\..\R5T.T0143\source\R5T.T0143\R5T.T0143.csproj", "{9187C7E6-8C56-4B19-AB3A-F20A718CAB84}"
EndProject
Project("{9A19103F-16F7-4668-BE54-9A1E7A4F7556}") = "R5T.T0178", "..\..\R5T.T0178\source\R5T.T0178\R5T.T0178.csproj", "{E0174231-A0BF-47E8-B10C-734BF23F185F}"
EndProject
Project("{9A19103F-16F7-4668-BE54-9A1E7A4F7556}") = "R5T.T0179", "..\..\R5T.T0179\source\R5T.T0179\R5T.T0179.csproj", "{4D585D7B-7EC4-43F0-8D70-69DA9CA08000}"
EndProject
Project("{9A19103F-16F7-4668-BE54-9A1E7A4F7556}") = "R5T.T0180", "..\..\R5T.T0180\source\R5T.T0180\R5T.T0180.csproj", "{54C76A67-DF51-4A99-81EE-F641A1553301}"
EndProject
Project("{9A19103F-16F7-4668-BE54-9A1E7A4F7556}") = "R5T.Z0044.Z000", "R5T.Z0044.Z000\R5T.Z0044.Z000.csproj", "{EC92F2B2-ECB0-4347-89BC-EFFBFC53422E}"
EndProject
Project("{9A19103F-16F7-4668-BE54-9A1E7A4F7556}") = "R5T.F0000", "..\..\R5T.F0000\source\R5T.F0000\R5T.F0000.csproj", "{07475136-E6F7-4F86-8ABA-9E8101254FD4}"
EndProject
Project("{9A19103F-16F7-4668-BE54-9A1E7A4F7556}") = "R5T.F0002", "..\..\R5T.F0002\source\R5T.F0002\R5T.F0002.csproj", "{74E1689D-7BD4-467D-AAF9-55D2F62EEA40}"
EndProject
Project("{9A19103F-16F7-4668-BE54-9A1E7A4F7556}") = "R5T.F0120", "..\..\R5T.F0120\source\R5T.F0120\R5T.F0120.csproj", "{93878F13-AF10-4EBB-9E51-DE155FAB718E}"
EndProject
Project("{9A19103F-16F7-4668-BE54-9A1E7A4F7556}") = "R5T.F0124", "..\..\R5T.F0124\source\R5T.F0124\R5T.F0124.csproj", "{368B9F82-9618-4FAD-8117-B2E0EB17F917}"
EndProject
Project("{9A19103F-16F7-4668-BE54-9A1E7A4F7556}") = "R5T.F0125", "..\..\R5T.F0125\source\R5T.F0125\R5T.F0125.csproj", "{B3EBF803-4174-4588-925E-66B12ED54847}"
EndProject
Project("{9A19103F-16F7-4668-BE54-9A1E7A4F7556}") = "R5T.L0030.T000", "..\..\R5T.L0030\source\R5T.L0030.T000\R5T.L0030.T000.csproj", "{E1060C72-5EA8-4298-A0B8-FCED017F0666}"
EndProject
Project("{9A19103F-16F7-4668-BE54-9A1E7A4F7556}") = "R5T.L0030", "..\..\R5T.L0030\source\R5T.L0030\R5T.L0030.csproj", "{3A5E6921-B1F0-4C83-9190-71D1599039D4}"
EndProject
Project("{9A19103F-16F7-4668-BE54-9A1E7A4F7556}") = "R5T.L0034", "..\..\R5T.L0034\source\R5T.L0034\R5T.L0034.csproj", "{53AE9AC4-A9F0-449B-9D3B-18070D5EDEB2}"
EndProject
Project("{9A19103F-16F7-4668-BE54-9A1E7A4F7556}") = "R5T.L0035", "..\..\R5T.L0035\source\R5T.L0035\R5T.L0035.csproj", "{1E6C8DD4-777B-4777-9682-15AB7E091301}"
EndProject
Project("{9A19103F-16F7-4668-BE54-9A1E7A4F7556}") = "R5T.T0131", "..\..\R5T.T0131\source\R5T.T0131\R5T.T0131.csproj", "{A0C34692-927B-4674-AEBD-2D0E23B270AD}"
EndProject
Project("{9A19103F-16F7-4668-BE54-9A1E7A4F7556}") = "R5T.T0142", "..\..\R5T.T0142\source\R5T.T0142\R5T.T0142.csproj", "{429ACA51-3B3F-400B-9BBA-9D3AFFB57361}"
EndProject
Project("{9A19103F-16F7-4668-BE54-9A1E7A4F7556}") = "R5T.T0156", "..\..\R5T.T0156\source\R5T.T0156\R5T.T0156.csproj", "{03E5FA5F-8F64-4DC3-A978-CB9AEBEE723F}"
EndProject
Project("{9A19103F-16F7-4668-BE54-9A1E7A4F7556}") = "R5T.T0174", "..\..\R5T.T0174\source\R5T.T0174\R5T.T0174.csproj", "{276748B6-3CD3-4BAE-8BCA-868DD0BD0AF3}"
EndProject
Project("{9A19103F-16F7-4668-BE54-9A1E7A4F7556}") = "R5T.T0176", "..\..\R5T.T0176\source\R5T.T0176\R5T.T0176.csproj", "{FFFC56E3-44BF-483D-9E19-FB3CA9EB6566}"
EndProject
Project("{9A19103F-16F7-4668-BE54-9A1E7A4F7556}") = "R5T.T0177", "..\..\R5T.T0177\source\R5T.T0177\R5T.T0177.csproj", "{686942CB-E3CE-402D-8777-405FA7E1EB69}"
EndProject
Project("{9A19103F-16F7-4668-BE54-9A1E7A4F7556}") = "R5T.T0181", "..\..\R5T.T0181\source\R5T.T0181\R5T.T0181.csproj", "{920C9AC6-E3FF-41CB-9CDA-A9C62EFDB66F}"
EndProject
Project("{9A19103F-16F7-4668-BE54-9A1E7A4F7556}") = "R5T.Y0000", "..\..\R5T.Y0000\source\R5T.Y0000\R5T.Y0000.csproj", "{137E4BF3-FC9D-44C1-AA37-0004043C6887}"
EndProject
Project("{9A19103F-16F7-4668-BE54-9A1E7A4F7556}") = "R5T.Z0000", "..\..\R5T.Z0000\source\R5T.Z0000\R5T.Z0000.csproj", "{860CCA81-875B-41AF-B9C5-8C7994AB29CB}"
EndProject
Project("{9A19103F-16F7-4668-BE54-9A1E7A4F7556}") = "R5T.Z0044.Z001", "R5T.Z0044.Z001\R5T.Z0044.Z001.csproj", "{A201FDEC-0C33-4507-8EF6-008BB3EAC2C0}"
EndProject
Global
	GlobalSection(NestedProjects) = preSolution
		{B62EC6FF-179A-4086-B267-DD2013386EA2} = {2B818D88-99CB-4D11-B4BF-3F9A10ADA713}
		{9187C7E6-8C56-4B19-AB3A-F20A718CAB84} = {2B818D88-99CB-4D11-B4BF-3F9A10ADA713}
		{E0174231-A0BF-47E8-B10C-734BF23F185F} = {2B818D88-99CB-4D11-B4BF-3F9A10ADA713}
		{4D585D7B-7EC4-43F0-8D70-69DA9CA08000} = {2B818D88-99CB-4D11-B4BF-3F9A10ADA713}
		{54C76A67-DF51-4A99-81EE-F641A1553301} = {2B818D88-99CB-4D11-B4BF-3F9A10ADA713}
		{07475136-E6F7-4F86-8ABA-9E8101254FD4} = {2B818D88-99CB-4D11-B4BF-3F9A10ADA713}
		{74E1689D-7BD4-467D-AAF9-55D2F62EEA40} = {2B818D88-99CB-4D11-B4BF-3F9A10ADA713}
		{93878F13-AF10-4EBB-9E51-DE155FAB718E} = {2B818D88-99CB-4D11-B4BF-3F9A10ADA713}
		{368B9F82-9618-4FAD-8117-B2E0EB17F917} = {2B818D88-99CB-4D11-B4BF-3F9A10ADA713}
		{B3EBF803-4174-4588-925E-66B12ED54847} = {2B818D88-99CB-4D11-B4BF-3F9A10ADA713}
		{E1060C72-5EA8-4298-A0B8-FCED017F0666} = {2B818D88-99CB-4D11-B4BF-3F9A10ADA713}
		{3A5E6921-B1F0-4C83-9190-71D1599039D4} = {2B818D88-99CB-4D11-B4BF-3F9A10ADA713}
		{53AE9AC4-A9F0-449B-9D3B-18070D5EDEB2} = {2B818D88-99CB-4D11-B4BF-3F9A10ADA713}
		{1E6C8DD4-777B-4777-9682-15AB7E091301} = {2B818D88-99CB-4D11-B4BF-3F9A10ADA713}
		{A0C34692-927B-4674-AEBD-2D0E23B270AD} = {2B818D88-99CB-4D11-B4BF-3F9A10ADA713}
		{429ACA51-3B3F-400B-9BBA-9D3AFFB57361} = {2B818D88-99CB-4D11-B4BF-3F9A10ADA713}
		{03E5FA5F-8F64-4DC3-A978-CB9AEBEE723F} = {2B818D88-99CB-4D11-B4BF-3F9A10ADA713}
		{276748B6-3CD3-4BAE-8BCA-868DD0BD0AF3} = {2B818D88-99CB-4D11-B4BF-3F9A10ADA713}
		{FFFC56E3-44BF-483D-9E19-FB3CA9EB6566} = {2B818D88-99CB-4D11-B4BF-3F9A10ADA713}
		{686942CB-E3CE-402D-8777-405FA7E1EB69} = {2B818D88-99CB-4D11-B4BF-3F9A10ADA713}
		{920C9AC6-E3FF-41CB-9CDA-A9C62EFDB66F} = {2B818D88-99CB-4D11-B4BF-3F9A10ADA713}
		{137E4BF3-FC9D-44C1-AA37-0004043C6887} = {2B818D88-99CB-4D11-B4BF-3F9A10ADA713}
		{860CCA81-875B-41AF-B9C5-8C7994AB29CB} = {2B818D88-99CB-4D11-B4BF-3F9A10ADA713}
	EndGlobalSection
	GlobalSection(SolutionConfigurationPlatforms) = preSolution
		Debug|Any CPU = Debug|Any CPU
		Release|Any CPU = Release|Any CPU
	EndGlobalSection
	GlobalSection(ProjectConfigurationPlatforms) = postSolution
		{4B5E5E5D-2037-455B-B5EA-02268AFC4FA2}.Debug|Any CPU.ActiveCfg = Debug|Any CPU
		{4B5E5E5D-2037-455B-B5EA-02268AFC4FA2}.Debug|Any CPU.Build.0 = Debug|Any CPU
		{4B5E5E5D-2037-455B-B5EA-02268AFC4FA2}.Release|Any CPU.ActiveCfg = Release|Any CPU
		{4B5E5E5D-2037-455B-B5EA-02268AFC4FA2}.Release|Any CPU.Build.0 = Release|Any CPU
		{B62EC6FF-179A-4086-B267-DD2013386EA2}.Debug|Any CPU.ActiveCfg = Debug|Any CPU
		{B62EC6FF-179A-4086-B267-DD2013386EA2}.Debug|Any CPU.Build.0 = Debug|Any CPU
		{B62EC6FF-179A-4086-B267-DD2013386EA2}.Release|Any CPU.ActiveCfg = Release|Any CPU
		{B62EC6FF-179A-4086-B267-DD2013386EA2}.Release|Any CPU.Build.0 = Release|Any CPU
		{9187C7E6-8C56-4B19-AB3A-F20A718CAB84}.Debug|Any CPU.ActiveCfg = Debug|Any CPU
		{9187C7E6-8C56-4B19-AB3A-F20A718CAB84}.Debug|Any CPU.Build.0 = Debug|Any CPU
		{9187C7E6-8C56-4B19-AB3A-F20A718CAB84}.Release|Any CPU.ActiveCfg = Release|Any CPU
		{9187C7E6-8C56-4B19-AB3A-F20A718CAB84}.Release|Any CPU.Build.0 = Release|Any CPU
		{E0174231-A0BF-47E8-B10C-734BF23F185F}.Debug|Any CPU.ActiveCfg = Debug|Any CPU
		{E0174231-A0BF-47E8-B10C-734BF23F185F}.Debug|Any CPU.Build.0 = Debug|Any CPU
		{E0174231-A0BF-47E8-B10C-734BF23F185F}.Release|Any CPU.ActiveCfg = Release|Any CPU
		{E0174231-A0BF-47E8-B10C-734BF23F185F}.Release|Any CPU.Build.0 = Release|Any CPU
		{4D585D7B-7EC4-43F0-8D70-69DA9CA08000}.Debug|Any CPU.ActiveCfg = Debug|Any CPU
		{4D585D7B-7EC4-43F0-8D70-69DA9CA08000}.Debug|Any CPU.Build.0 = Debug|Any CPU
		{4D585D7B-7EC4-43F0-8D70-69DA9CA08000}.Release|Any CPU.ActiveCfg = Release|Any CPU
		{4D585D7B-7EC4-43F0-8D70-69DA9CA08000}.Release|Any CPU.Build.0 = Release|Any CPU
		{54C76A67-DF51-4A99-81EE-F641A1553301}.Debug|Any CPU.ActiveCfg = Debug|Any CPU
		{54C76A67-DF51-4A99-81EE-F641A1553301}.Debug|Any CPU.Build.0 = Debug|Any CPU
		{54C76A67-DF51-4A99-81EE-F641A1553301}.Release|Any CPU.ActiveCfg = Release|Any CPU
		{54C76A67-DF51-4A99-81EE-F641A1553301}.Release|Any CPU.Build.0 = Release|Any CPU
		{EC92F2B2-ECB0-4347-89BC-EFFBFC53422E}.Debug|Any CPU.ActiveCfg = Debug|Any CPU
		{EC92F2B2-ECB0-4347-89BC-EFFBFC53422E}.Debug|Any CPU.Build.0 = Debug|Any CPU
		{EC92F2B2-ECB0-4347-89BC-EFFBFC53422E}.Release|Any CPU.ActiveCfg = Release|Any CPU
		{EC92F2B2-ECB0-4347-89BC-EFFBFC53422E}.Release|Any CPU.Build.0 = Release|Any CPU
		{07475136-E6F7-4F86-8ABA-9E8101254FD4}.Debug|Any CPU.ActiveCfg = Debug|Any CPU
		{07475136-E6F7-4F86-8ABA-9E8101254FD4}.Debug|Any CPU.Build.0 = Debug|Any CPU
		{07475136-E6F7-4F86-8ABA-9E8101254FD4}.Release|Any CPU.ActiveCfg = Release|Any CPU
		{07475136-E6F7-4F86-8ABA-9E8101254FD4}.Release|Any CPU.Build.0 = Release|Any CPU
		{74E1689D-7BD4-467D-AAF9-55D2F62EEA40}.Debug|Any CPU.ActiveCfg = Debug|Any CPU
		{74E1689D-7BD4-467D-AAF9-55D2F62EEA40}.Debug|Any CPU.Build.0 = Debug|Any CPU
		{74E1689D-7BD4-467D-AAF9-55D2F62EEA40}.Release|Any CPU.ActiveCfg = Release|Any CPU
		{74E1689D-7BD4-467D-AAF9-55D2F62EEA40}.Release|Any CPU.Build.0 = Release|Any CPU
		{93878F13-AF10-4EBB-9E51-DE155FAB718E}.Debug|Any CPU.ActiveCfg = Debug|Any CPU
		{93878F13-AF10-4EBB-9E51-DE155FAB718E}.Debug|Any CPU.Build.0 = Debug|Any CPU
		{93878F13-AF10-4EBB-9E51-DE155FAB718E}.Release|Any CPU.ActiveCfg = Release|Any CPU
		{93878F13-AF10-4EBB-9E51-DE155FAB718E}.Release|Any CPU.Build.0 = Release|Any CPU
		{368B9F82-9618-4FAD-8117-B2E0EB17F917}.Debug|Any CPU.ActiveCfg = Debug|Any CPU
		{368B9F82-9618-4FAD-8117-B2E0EB17F917}.Debug|Any CPU.Build.0 = Debug|Any CPU
		{368B9F82-9618-4FAD-8117-B2E0EB17F917}.Release|Any CPU.ActiveCfg = Release|Any CPU
		{368B9F82-9618-4FAD-8117-B2E0EB17F917}.Release|Any CPU.Build.0 = Release|Any CPU
		{B3EBF803-4174-4588-925E-66B12ED54847}.Debug|Any CPU.ActiveCfg = Debug|Any CPU
		{B3EBF803-4174-4588-925E-66B12ED54847}.Debug|Any CPU.Build.0 = Debug|Any CPU
		{B3EBF803-4174-4588-925E-66B12ED54847}.Release|Any CPU.ActiveCfg = Release|Any CPU
		{B3EBF803-4174-4588-925E-66B12ED54847}.Release|Any CPU.Build.0 = Release|Any CPU
		{E1060C72-5EA8-4298-A0B8-FCED017F0666}.Debug|Any CPU.ActiveCfg = Debug|Any CPU
		{E1060C72-5EA8-4298-A0B8-FCED017F0666}.Debug|Any CPU.Build.0 = Debug|Any CPU
		{E1060C72-5EA8-4298-A0B8-FCED017F0666}.Release|Any CPU.ActiveCfg = Release|Any CPU
		{E1060C72-5EA8-4298-A0B8-FCED017F0666}.Release|Any CPU.Build.0 = Release|Any CPU
		{3A5E6921-B1F0-4C83-9190-71D1599039D4}.Debug|Any CPU.ActiveCfg = Debug|Any CPU
		{3A5E6921-B1F0-4C83-9190-71D1599039D4}.Debug|Any CPU.Build.0 = Debug|Any CPU
		{3A5E6921-B1F0-4C83-9190-71D1599039D4}.Release|Any CPU.ActiveCfg = Release|Any CPU
		{3A5E6921-B1F0-4C83-9190-71D1599039D4}.Release|Any CPU.Build.0 = Release|Any CPU
		{53AE9AC4-A9F0-449B-9D3B-18070D5EDEB2}.Debug|Any CPU.ActiveCfg = Debug|Any CPU
		{53AE9AC4-A9F0-449B-9D3B-18070D5EDEB2}.Debug|Any CPU.Build.0 = Debug|Any CPU
		{53AE9AC4-A9F0-449B-9D3B-18070D5EDEB2}.Release|Any CPU.ActiveCfg = Release|Any CPU
		{53AE9AC4-A9F0-449B-9D3B-18070D5EDEB2}.Release|Any CPU.Build.0 = Release|Any CPU
		{1E6C8DD4-777B-4777-9682-15AB7E091301}.Debug|Any CPU.ActiveCfg = Debug|Any CPU
		{1E6C8DD4-777B-4777-9682-15AB7E091301}.Debug|Any CPU.Build.0 = Debug|Any CPU
		{1E6C8DD4-777B-4777-9682-15AB7E091301}.Release|Any CPU.ActiveCfg = Release|Any CPU
		{1E6C8DD4-777B-4777-9682-15AB7E091301}.Release|Any CPU.Build.0 = Release|Any CPU
		{A0C34692-927B-4674-AEBD-2D0E23B270AD}.Debug|Any CPU.ActiveCfg = Debug|Any CPU
		{A0C34692-927B-4674-AEBD-2D0E23B270AD}.Debug|Any CPU.Build.0 = Debug|Any CPU
		{A0C34692-927B-4674-AEBD-2D0E23B270AD}.Release|Any CPU.ActiveCfg = Release|Any CPU
		{A0C34692-927B-4674-AEBD-2D0E23B270AD}.Release|Any CPU.Build.0 = Release|Any CPU
		{429ACA51-3B3F-400B-9BBA-9D3AFFB57361}.Debug|Any CPU.ActiveCfg = Debug|Any CPU
		{429ACA51-3B3F-400B-9BBA-9D3AFFB57361}.Debug|Any CPU.Build.0 = Debug|Any CPU
		{429ACA51-3B3F-400B-9BBA-9D3AFFB57361}.Release|Any CPU.ActiveCfg = Release|Any CPU
		{429ACA51-3B3F-400B-9BBA-9D3AFFB57361}.Release|Any CPU.Build.0 = Release|Any CPU
		{03E5FA5F-8F64-4DC3-A978-CB9AEBEE723F}.Debug|Any CPU.ActiveCfg = Debug|Any CPU
		{03E5FA5F-8F64-4DC3-A978-CB9AEBEE723F}.Debug|Any CPU.Build.0 = Debug|Any CPU
		{03E5FA5F-8F64-4DC3-A978-CB9AEBEE723F}.Release|Any CPU.ActiveCfg = Release|Any CPU
		{03E5FA5F-8F64-4DC3-A978-CB9AEBEE723F}.Release|Any CPU.Build.0 = Release|Any CPU
		{276748B6-3CD3-4BAE-8BCA-868DD0BD0AF3}.Debug|Any CPU.ActiveCfg = Debug|Any CPU
		{276748B6-3CD3-4BAE-8BCA-868DD0BD0AF3}.Debug|Any CPU.Build.0 = Debug|Any CPU
		{276748B6-3CD3-4BAE-8BCA-868DD0BD0AF3}.Release|Any CPU.ActiveCfg = Release|Any CPU
		{276748B6-3CD3-4BAE-8BCA-868DD0BD0AF3}.Release|Any CPU.Build.0 = Release|Any CPU
		{FFFC56E3-44BF-483D-9E19-FB3CA9EB6566}.Debug|Any CPU.ActiveCfg = Debug|Any CPU
		{FFFC56E3-44BF-483D-9E19-FB3CA9EB6566}.Debug|Any CPU.Build.0 = Debug|Any CPU
		{FFFC56E3-44BF-483D-9E19-FB3CA9EB6566}.Release|Any CPU.ActiveCfg = Release|Any CPU
		{FFFC56E3-44BF-483D-9E19-FB3CA9EB6566}.Release|Any CPU.Build.0 = Release|Any CPU
		{686942CB-E3CE-402D-8777-405FA7E1EB69}.Debug|Any CPU.ActiveCfg = Debug|Any CPU
		{686942CB-E3CE-402D-8777-405FA7E1EB69}.Debug|Any CPU.Build.0 = Debug|Any CPU
		{686942CB-E3CE-402D-8777-405FA7E1EB69}.Release|Any CPU.ActiveCfg = Release|Any CPU
		{686942CB-E3CE-402D-8777-405FA7E1EB69}.Release|Any CPU.Build.0 = Release|Any CPU
		{920C9AC6-E3FF-41CB-9CDA-A9C62EFDB66F}.Debug|Any CPU.ActiveCfg = Debug|Any CPU
		{920C9AC6-E3FF-41CB-9CDA-A9C62EFDB66F}.Debug|Any CPU.Build.0 = Debug|Any CPU
		{920C9AC6-E3FF-41CB-9CDA-A9C62EFDB66F}.Release|Any CPU.ActiveCfg = Release|Any CPU
		{920C9AC6-E3FF-41CB-9CDA-A9C62EFDB66F}.Release|Any CPU.Build.0 = Release|Any CPU
		{137E4BF3-FC9D-44C1-AA37-0004043C6887}.Debug|Any CPU.ActiveCfg = Debug|Any CPU
		{137E4BF3-FC9D-44C1-AA37-0004043C6887}.Debug|Any CPU.Build.0 = Debug|Any CPU
		{137E4BF3-FC9D-44C1-AA37-0004043C6887}.Release|Any CPU.ActiveCfg = Release|Any CPU
		{137E4BF3-FC9D-44C1-AA37-0004043C6887}.Release|Any CPU.Build.0 = Release|Any CPU
		{860CCA81-875B-41AF-B9C5-8C7994AB29CB}.Debug|Any CPU.ActiveCfg = Debug|Any CPU
		{860CCA81-875B-41AF-B9C5-8C7994AB29CB}.Debug|Any CPU.Build.0 = Debug|Any CPU
		{860CCA81-875B-41AF-B9C5-8C7994AB29CB}.Release|Any CPU.ActiveCfg = Release|Any CPU
		{860CCA81-875B-41AF-B9C5-8C7994AB29CB}.Release|Any CPU.Build.0 = Release|Any CPU
		{A201FDEC-0C33-4507-8EF6-008BB3EAC2C0}.Debug|Any CPU.ActiveCfg = Debug|Any CPU
		{A201FDEC-0C33-4507-8EF6-008BB3EAC2C0}.Debug|Any CPU.Build.0 = Debug|Any CPU
		{A201FDEC-0C33-4507-8EF6-008BB3EAC2C0}.Release|Any CPU.ActiveCfg = Release|Any CPU
		{A201FDEC-0C33-4507-8EF6-008BB3EAC2C0}.Release|Any CPU.Build.0 = Release|Any CPU
	EndGlobalSection
	GlobalSection(SolutionProperties) = preSolution
		HideSolutionNode = FALSE
	EndGlobalSection
	GlobalSection(ExtensibilityGlobals) = postSolution
		SolutionGuid = {D94FF5D4-F79B-4589-A07D-7A0FEF8B91E8}
	EndGlobalSection
EndGlobal
